{
  "nodes": {
    "nixpkgs": {
      "locked": {
        "lastModified": 1776696307,
        "narHash": "sha256-Dx3PlDAEEXSpr6MTZfnor5Kt+sDhQMYuzYjIK4KJ28o=",
        "owner": "NixOS",
        "repo": "nixpkgs",
        "rev": "bb1a4e00f440f06c0a95d4e08281c4936e0c24c6",
        "type": "github"
      },
      "original": {
        "owner": "NixOS",
        "repo": "nixpkgs",
        "type": "github"
      }
    },
    "root": {
      "inputs": {
        "nixpkgs": "nixpkgs"
      }
    }
  },
  "root": "root",
  "version": 7
}
